
Microsoft Visual Studio Solution File, Format Version 12.00
# Visual Studio Version 17
VisualStudioVersion = 17.2.32630.192
MinimumVisualStudioVersion = 10.0.40219.1
Project("{FAE04EC0-301F-11D3-BF4B-00C04F79EFBC}") = "WinFormsApp1", "WinFormsApp1\WinFormsApp1.csproj", "{43EC32C2-22D1-4E5B-AFB5-5A4D08D6F6FF}"
EndProject
Global
	GlobalSection(SolutionConfigurationPlatforms) = preSolution
		Debug|Any CPU = Debug|Any CPU
		Release|Any CPU = Release|Any CPU
	EndGlobalSection
	GlobalSection(ProjectConfigurationPlatforms) = postSolution
		{43EC32C2-22D1-4E5B-AFB5-5A4D08D6F6FF}.Debug|Any CPU.ActiveCfg = Debug|Any CPU
		{43EC32C2-22D1-4E5B-AFB5-5A4D08D6F6FF}.Debug|Any CPU.Build.0 = Debug|Any CPU
		{43EC32C2-22D1-4E5B-AFB5-5A4D08D6F6FF}.Release|Any CPU.ActiveCfg = Release|Any CPU
		{43EC32C2-22D1-4E5B-AFB5-5A4D08D6F6FF}.Release|Any CPU.Build.0 = Release|Any CPU
	EndGlobalSection
	GlobalSection(SolutionProperties) = preSolution
		HideSolutionNode = FALSE
	EndGlobalSection
	GlobalSection(ExtensibilityGlobals) = postSolution
		SolutionGuid = {5CDC01D8-492D-4FC3-9150-36EADF5779D6}
	EndGlobalSection
EndGlobal
